<?xml version="1.0" encoding="utf-8"?>
<Project ToolsVersion="4.0" xmlns="http://schemas.microsoft.com/developer/msbuild/2003">
  <ItemGroup>
    <ClCompile Include="src\Circle.cpp">
      <Filter>Source</Filter>
    </ClCompile>
    <ClCompile Include="src\Color.cpp">
      <Filter>Source</Filter>
    </ClCompile>
    <ClCompile Include="src\Cursor.cpp">
      <Filter>Source</Filter>
    </ClCompile>
    <ClCompile Include="src\Font.cpp">
      <Filter>Source</Filter>
    </ClCompile>
    <ClCompile Include="src\Line.cpp">
      <Filter>Source</Filter>
    </ClCompile>
    <ClCompile Include="src\Math.cpp">
      <Filter>Source</Filter>
    </ClCompile>
    <ClCompile Include="src\Rectangle.cpp">
      <Filter>Source</Filter>
    </ClCompile>
    <ClCompile Include="src\Scene.cpp">
      <Filter>Source</Filter>
    </ClCompile>
    <ClCompile Include="src\System.cpp">
      <Filter>Source</Filter>
    </ClCompile>
    <ClCompile Include="src\Texture.cpp">
      <Filter>Source</Filter>
    </ClCompile>
    <ClCompile Include="App\EZGP_sample.cpp">
      <Filter>App</Filter>
    </ClCompile>
    <ClCompile Include="src\EZGPmain.cpp">
      <Filter>Source</Filter>
    </ClCompile>
  </ItemGroup>
  <ItemGroup>
    <ClInclude Include="include\EZGP\Font.hpp">
      <Filter>Header</Filter>
    </ClInclude>
    <ClInclude Include="include\EZGP\Line.hpp">
      <Filter>Header</Filter>
    </ClInclude>
    <ClInclude Include="include\EZGP\Math.hpp">
      <Filter>Header</Filter>
    </ClInclude>
    <ClInclude Include="include\EZGP\Rectangle.hpp">
      <Filter>Header</Filter>
    </ClInclude>
    <ClInclude Include="include\EZGP\Scene.hpp">
      <Filter>Header</Filter>
    </ClInclude>
    <ClInclude Include="include\EZGP\System.hpp">
      <Filter>Header</Filter>
    </ClInclude>
    <ClInclude Include="include\EZGP\Texture.hpp">
      <Filter>Header</Filter>
    </ClInclude>
    <ClInclude Include="include\EZGP\Circle.hpp">
      <Filter>Header</Filter>
    </ClInclude>
    <ClInclude Include="include\EZGP\Color.hpp">
      <Filter>Header</Filter>
    </ClInclude>
    <ClInclude Include="include\EZGP\Cursor.hpp">
      <Filter>Header</Filter>
    </ClInclude>
    <ClInclude Include="include\EZGP.hpp">
      <Filter>Header</Filter>
    </ClInclude>
    <ClInclude Include="include\EZGP\EZGPmain.hpp">
      <Filter>Header</Filter>
    </ClInclude>
  </ItemGroup>
  <ItemGroup>
    <Filter Include="Source">
      <UniqueIdentifier>{adb7852d-de9b-416e-be24-bd4c6d701796}</UniqueIdentifier>
    </Filter>
    <Filter Include="Header">
      <UniqueIdentifier>{fac587cd-7446-49d4-9c27-1898782d9ddb}</UniqueIdentifier>
    </Filter>
    <Filter Include="App">
      <UniqueIdentifier>{a2cac4a1-a6e1-4fad-887d-9eb54ce44c0d}</UniqueIdentifier>
    </Filter>
  </ItemGroup>
</Project>