
Microsoft Visual Studio Solution File, Format Version 12.00
# Visual Studio Version 16
VisualStudioVersion = 16.0.30413.136
MinimumVisualStudioVersion = 10.0.40219.1
Project("{8BC9CEB8-8B4A-11D0-8D11-00A0C91BC942}") = "Windows_App", "Windows_App.vcxproj", "{54E18D75-89E3-4285-AC3B-EF15216B9148}"
EndProject
Global
	GlobalSection(SolutionConfigurationPlatforms) = preSolution
		Debug|x64 = Debug|x64
		Release|x64 = Release|x64
	EndGlobalSection
	GlobalSection(ProjectConfigurationPlatforms) = postSolution
		{54E18D75-89E3-4285-AC3B-EF15216B9148}.Debug|x64.ActiveCfg = Debug|x64
		{54E18D75-89E3-4285-AC3B-EF15216B9148}.Debug|x64.Build.0 = Debug|x64
		{54E18D75-89E3-4285-AC3B-EF15216B9148}.Release|x64.ActiveCfg = Release|x64
		{54E18D75-89E3-4285-AC3B-EF15216B9148}.Release|x64.Build.0 = Release|x64
	EndGlobalSection
	GlobalSection(SolutionProperties) = preSolution
		HideSolutionNode = FALSE
	EndGlobalSection
	GlobalSection(ExtensibilityGlobals) = postSolution
		SolutionGuid = {0983A362-8EB6-43D3-B2E1-D2E6E670B471}
	EndGlobalSection
EndGlobal
